%{"bear": {:hex, :bear, "0.8.3"},
  "certifi": {:hex, :certifi, "0.3.0"},
  "connection": {:hex, :connection, "1.0.2"},
  "cowboy": {:hex, :cowboy, "1.0.4"},
  "cowlib": {:hex, :cowlib, "1.0.2"},
  "db_connection": {:hex, :db_connection, "0.2.5"},
  "decimal": {:hex, :decimal, "1.1.1"},
  "ecto": {:hex, :ecto, "1.1.5"},
  "edown": {:git, "https://github.com/uwiger/edown.git", "b7c8eb0ac1859f8fce11cbfe3526f5ec83194776", [tag: "0.7"]},
  "elixometer": {:git, "https://github.com/pinterest/elixometer.git", "cd778fdf445fc3fc5466a0e6d9543123e83d8ede", []},
  "exometer_core": {:hex, :exometer_core, "1.0.0"},
  "exometer_influxdb": {:git, "https://github.com/travelping/exometer_influxdb.git", "072bbfbd4dbdd62e8c47e77e00028023bbf0a464", []},
  "folsom": {:hex, :folsom, "0.8.3"},
  "fs": {:hex, :fs, "0.9.2"},
  "gettext": {:hex, :gettext, "0.11.0"},
  "goldrush": {:hex, :goldrush, "0.1.7"},
  "hackney": {:hex, :hackney, "1.4.10"},
  "idna": {:hex, :idna, "1.1.0"},
  "lager": {:hex, :lager, "3.0.2"},
  "mimerl": {:hex, :mimerl, "1.0.2"},
  "parse_trans": {:hex, :parse_trans, "2.9.0"},
  "phoenix": {:hex, :phoenix, "1.1.4"},
  "phoenix_ecto": {:hex, :phoenix_ecto, "2.0.1"},
  "phoenix_html": {:hex, :phoenix_html, "2.5.1"},
  "phoenix_live_reload": {:hex, :phoenix_live_reload, "1.0.3"},
  "plug": {:hex, :plug, "1.1.3"},
  "poison": {:hex, :poison, "1.5.2"},
  "poolboy": {:hex, :poolboy, "1.5.1"},
  "postgrex": {:hex, :postgrex, "0.11.1"},
  "ranch": {:hex, :ranch, "1.2.1"},
  "setup": {:hex, :setup, "1.7.0"},
  "ssl_verify_hostname": {:hex, :ssl_verify_hostname, "1.0.5"}}
